PODS:
  - FAPickerView (0.2.0):
    - SDWebImage
  - SDWebImage (4.4.2):
    - SDWebImage/Core (= 4.4.2)
  - SDWebImage/Core (4.4.2)

DEPENDENCIES:
  - FAPickerView (from `../`)

SPEC REPOS:
  https://github.com/cocoapods/specs.git:
    - SDWebImage

EXTERNAL SOURCES:
  FAPickerView:
    :path: "../"

SPEC CHECKSUMS:
  FAPickerView: c5511630fc13437cc12cce74e7a227f9ceb29ad6
  SDWebImage: 624d6e296c69b244bcede364c72ae0430ac14681

PODFILE CHECKSUM: e1de736a60452e9f76952bd8670b222aef852662

COCOAPODS: 1.5.3
