PODS:
  - FAPickerView (0.1.7):
    - SDWebImage
  - SDWebImage (4.4.2):
    - SDWebImage/Core (= 4.4.2)
  - SDWebImage/Core (4.4.2)

DEPENDENCIES:
  - FAPickerView (from `../`)

EXTERNAL SOURCES:
  FAPickerView:
    :path: ../

SPEC CHECKSUMS:
  FAPickerView: d0af0474df4319935feeeffd2dc868887bd8d887
  SDWebImage: 624d6e296c69b244bcede364c72ae0430ac14681

PODFILE CHECKSUM: e1de736a60452e9f76952bd8670b222aef852662

COCOAPODS: 1.4.0
